{
  "name": "utils",
  "version": "1.0.0",
  "lockfileVersion": 1,
  "requires": true,
  "dependencies": {
    "email-validator": {
      "version": "2.0.4",
      "resolved": "https://registry.npmjs.org/email-validator/-/email-validator-2.0.4.tgz",
      "integrity": "sha512-gYCwo7kh5S3IDyZPLZf6hSS0MnZT8QmJFqYvbqlDZSbwdZlY6QZWxJ4i/6UhITOJ4XzyI647Bm2MXKCLqnJ4nQ=="
    },
    "is-valid-birthdate": {
      "version": "0.1.0",
      "resolved": "https://registry.npmjs.org/is-valid-birthdate/-/is-valid-birthdate-0.1.0.tgz",
      "integrity": "sha1-x0vO+VV95VZa/eDYUkpc07A19zo="
    }
  }
}
